
Microsoft Visual Studio Solution File, Format Version 12.00
# Visual Studio Version 16
VisualStudioVersion = 16.0.30717.126
MinimumVisualStudioVersion = 10.0.40219.1
Project("{9A19103F-16F7-4668-BE54-9A1E7A4F7556}") = "Sem3Project", "Sem3Project\Sem3Project.csproj", "{D7BDA191-29D2-4668-A9A6-452F4CDAC85D}"
EndProject
Project("{9A19103F-16F7-4668-BE54-9A1E7A4F7556}") = "ClinicServicesWebAPI", "ClinicServicesWebAPI\ClinicServicesWebAPI.csproj", "{FDDC718F-8B76-4FEA-B1D5-632E5F5B0AF6}"
EndProject
Global
	GlobalSection(SolutionConfigurationPlatforms) = preSolution
		Debug|Any CPU = Debug|Any CPU
		Release|Any CPU = Release|Any CPU
	EndGlobalSection
	GlobalSection(ProjectConfigurationPlatforms) = postSolution
		{D7BDA191-29D2-4668-A9A6-452F4CDAC85D}.Debug|Any CPU.ActiveCfg = Debug|Any CPU
		{D7BDA191-29D2-4668-A9A6-452F4CDAC85D}.Debug|Any CPU.Build.0 = Debug|Any CPU
		{D7BDA191-29D2-4668-A9A6-452F4CDAC85D}.Release|Any CPU.ActiveCfg = Release|Any CPU
		{D7BDA191-29D2-4668-A9A6-452F4CDAC85D}.Release|Any CPU.Build.0 = Release|Any CPU
		{FDDC718F-8B76-4FEA-B1D5-632E5F5B0AF6}.Debug|Any CPU.ActiveCfg = Debug|Any CPU
		{FDDC718F-8B76-4FEA-B1D5-632E5F5B0AF6}.Debug|Any CPU.Build.0 = Debug|Any CPU
		{FDDC718F-8B76-4FEA-B1D5-632E5F5B0AF6}.Release|Any CPU.ActiveCfg = Release|Any CPU
		{FDDC718F-8B76-4FEA-B1D5-632E5F5B0AF6}.Release|Any CPU.Build.0 = Release|Any CPU
	EndGlobalSection
	GlobalSection(SolutionProperties) = preSolution
		HideSolutionNode = FALSE
	EndGlobalSection
	GlobalSection(ExtensibilityGlobals) = postSolution
		SolutionGuid = {53EAEF53-3116-4DFD-AC46-0588F9AE15CE}
	EndGlobalSection
EndGlobal
